
Microsoft Visual Studio Solution File, Format Version 11.00
# Visual Studio 2010
Project("{8BC9CEB8-8B4A-11D0-8D11-00A0C91BC942}") = "IVS_SDK", "IVS_SDK\IVS_SDK.vcxproj", "{56DEA8E5-F9B3-43B5-A377-27DBEE04422A}"
	ProjectSection(ProjectDependencies) = postProject
		{43CB849A-1B4A-49DA-BBA2-71E92D8A2CF3} = {43CB849A-1B4A-49DA-BBA2-71E92D8A2CF3}
		{6BF1FEC2-80C5-455B-9655-451300A6F272} = {6BF1FEC2-80C5-455B-9655-451300A6F272}
		{01DFB4E5-6C26-49A6-8FFD-E60D765DAFC7} = {01DFB4E5-6C26-49A6-8FFD-E60D765DAFC7}
		{FF29E3FC-B634-41AE-82FB-479B3690A4C7} = {FF29E3FC-B634-41AE-82FB-479B3690A4C7}
	EndProjectSection
EndProject
Project("{8BC9CEB8-8B4A-11D0-8D11-00A0C91BC942}") = "IVS_OCXPlayer", "IVS_OCXPlayer\IVS_OCXPlayer.vcxproj", "{0C1DF514-92F6-4D3B-AA2F-8F90340F13E0}"
	ProjectSection(ProjectDependencies) = postProject
		{5263885F-5656-40F0-A4F9-D9062F6B1D93} = {5263885F-5656-40F0-A4F9-D9062F6B1D93}
		{56DEA8E5-F9B3-43B5-A377-27DBEE04422A} = {56DEA8E5-F9B3-43B5-A377-27DBEE04422A}
	EndProjectSection
EndProject
Project("{8BC9CEB8-8B4A-11D0-8D11-00A0C91BC942}") = "IVS_IADraw", "IVS_IADraw\vsproject\IVS_IADraw.vcxproj", "{5263885F-5656-40F0-A4F9-D9062F6B1D93}"
EndProject
Project("{8BC9CEB8-8B4A-11D0-8D11-00A0C91BC942}") = "rtsp_client", "rtsp_client\rtsp_client.vcxproj", "{FF29E3FC-B634-41AE-82FB-479B3690A4C7}"
EndProject
Project("{8BC9CEB8-8B4A-11D0-8D11-00A0C91BC942}") = "IVS_SDKTVWall", "IVS_SDKTVWall\IVS_SDKTVWall.vcxproj", "{6BF1FEC2-80C5-455B-9655-451300A6F272}"
EndProject
Project("{8BC9CEB8-8B4A-11D0-8D11-00A0C91BC942}") = "IVS_SDKNetKeyBoard", "IVS_SDKNetKeyBoard\IVS_SDKNetKeyBoard.vcxproj", "{43CB849A-1B4A-49DA-BBA2-71E92D8A2CF3}"
EndProject
Project("{8BC9CEB8-8B4A-11D0-8D11-00A0C91BC942}") = "IVS_NetSource", "..\IVS_Netsource\IVS_NetSource\vsproject\IVS_NetSource.vcxproj", "{01DFB4E5-6C26-49A6-8FFD-E60D765DAFC7}"
EndProject
Global
	GlobalSection(SolutionConfigurationPlatforms) = preSolution
		Debug|Win32 = Debug|Win32
		Release|Win32 = Release|Win32
	EndGlobalSection
	GlobalSection(ProjectConfigurationPlatforms) = postSolution
		{56DEA8E5-F9B3-43B5-A377-27DBEE04422A}.Debug|Win32.ActiveCfg = Debug|Win32
		{56DEA8E5-F9B3-43B5-A377-27DBEE04422A}.Debug|Win32.Build.0 = Debug|Win32
		{56DEA8E5-F9B3-43B5-A377-27DBEE04422A}.Release|Win32.ActiveCfg = Release|Win32
		{56DEA8E5-F9B3-43B5-A377-27DBEE04422A}.Release|Win32.Build.0 = Release|Win32
		{0C1DF514-92F6-4D3B-AA2F-8F90340F13E0}.Debug|Win32.ActiveCfg = Debug|Win32
		{0C1DF514-92F6-4D3B-AA2F-8F90340F13E0}.Debug|Win32.Build.0 = Debug|Win32
		{0C1DF514-92F6-4D3B-AA2F-8F90340F13E0}.Release|Win32.ActiveCfg = Release|Win32
		{0C1DF514-92F6-4D3B-AA2F-8F90340F13E0}.Release|Win32.Build.0 = Release|Win32
		{5263885F-5656-40F0-A4F9-D9062F6B1D93}.Debug|Win32.ActiveCfg = Debug|Win32
		{5263885F-5656-40F0-A4F9-D9062F6B1D93}.Debug|Win32.Build.0 = Debug|Win32
		{5263885F-5656-40F0-A4F9-D9062F6B1D93}.Release|Win32.ActiveCfg = Release|Win32
		{5263885F-5656-40F0-A4F9-D9062F6B1D93}.Release|Win32.Build.0 = Release|Win32
		{FF29E3FC-B634-41AE-82FB-479B3690A4C7}.Debug|Win32.ActiveCfg = Debug|Win32
		{FF29E3FC-B634-41AE-82FB-479B3690A4C7}.Debug|Win32.Build.0 = Debug|Win32
		{FF29E3FC-B634-41AE-82FB-479B3690A4C7}.Release|Win32.ActiveCfg = Release|Win32
		{FF29E3FC-B634-41AE-82FB-479B3690A4C7}.Release|Win32.Build.0 = Release|Win32
		{6BF1FEC2-80C5-455B-9655-451300A6F272}.Debug|Win32.ActiveCfg = Debug|Win32
		{6BF1FEC2-80C5-455B-9655-451300A6F272}.Debug|Win32.Build.0 = Debug|Win32
		{6BF1FEC2-80C5-455B-9655-451300A6F272}.Release|Win32.ActiveCfg = Release|Win32
		{6BF1FEC2-80C5-455B-9655-451300A6F272}.Release|Win32.Build.0 = Release|Win32
		{43CB849A-1B4A-49DA-BBA2-71E92D8A2CF3}.Debug|Win32.ActiveCfg = Debug|Win32
		{43CB849A-1B4A-49DA-BBA2-71E92D8A2CF3}.Debug|Win32.Build.0 = Debug|Win32
		{43CB849A-1B4A-49DA-BBA2-71E92D8A2CF3}.Release|Win32.ActiveCfg = Release|Win32
		{43CB849A-1B4A-49DA-BBA2-71E92D8A2CF3}.Release|Win32.Build.0 = Release|Win32
		{01DFB4E5-6C26-49A6-8FFD-E60D765DAFC7}.Debug|Win32.ActiveCfg = Debug|Win32
		{01DFB4E5-6C26-49A6-8FFD-E60D765DAFC7}.Debug|Win32.Build.0 = Debug|Win32
		{01DFB4E5-6C26-49A6-8FFD-E60D765DAFC7}.Release|Win32.ActiveCfg = Release|Win32
		{01DFB4E5-6C26-49A6-8FFD-E60D765DAFC7}.Release|Win32.Build.0 = Release|Win32
	EndGlobalSection
	GlobalSection(SolutionProperties) = preSolution
		HideSolutionNode = FALSE
	EndGlobalSection
EndGlobal
