
Microsoft Visual Studio Solution File, Format Version 11.00
# Visual Studio 2010
Project("{8BC9CEB8-8B4A-11D0-8D11-00A0C91BC942}") = "IVS_IADraw", "IVS_IADraw.vcxproj", "{5263885F-5656-40F0-A4F9-D9062F6B1D93}"
EndProject
Global
	GlobalSection(SolutionConfigurationPlatforms) = preSolution
		Debug|Win32 = Debug|Win32
		Release|Win32 = Release|Win32
	EndGlobalSection
	GlobalSection(ProjectConfigurationPlatforms) = postSolution
		{5263885F-5656-40F0-A4F9-D9062F6B1D93}.Debug|Win32.ActiveCfg = Debug|Win32
		{5263885F-5656-40F0-A4F9-D9062F6B1D93}.Debug|Win32.Build.0 = Debug|Win32
		{5263885F-5656-40F0-A4F9-D9062F6B1D93}.Release|Win32.ActiveCfg = Release|Win32
		{5263885F-5656-40F0-A4F9-D9062F6B1D93}.Release|Win32.Build.0 = Release|Win32
	EndGlobalSection
	GlobalSection(SolutionProperties) = preSolution
		HideSolutionNode = FALSE
	EndGlobalSection
EndGlobal
